
Microsoft Visual Studio Solution File, Format Version 12.00
# Visual Studio Version 16
VisualStudioVersion = 16.0.31702.278
MinimumVisualStudioVersion = 10.0.40219.1
Project("{FAE04EC0-301F-11D3-BF4B-00C04F79EFBC}") = "StockMarket.Api", "StockMarket.Api\StockMarket.Api.csproj", "{5EFA6946-B60C-4676-A106-D07E841B0880}"
EndProject
Project("{FAE04EC0-301F-11D3-BF4B-00C04F79EFBC}") = "StockMarket.Domain", "StockMarket.Domain\StockMarket.Domain.csproj", "{3C96F623-37E7-4922-BA2F-F7AB08B324DC}"
EndProject
Project("{FAE04EC0-301F-11D3-BF4B-00C04F79EFBC}") = "StockMarket.Data", "StockMarket.Data\StockMarket.Data.csproj", "{25DB90FC-361D-45F3-91C1-164D202CA2D1}"
EndProject
Project("{FAE04EC0-301F-11D3-BF4B-00C04F79EFBC}") = "StockMarket.Service", "StockMarket.Service\StockMarket.Service.csproj", "{D1E701A2-ED5E-49A8-9BDA-50C158A6F390}"
EndProject
Global
	GlobalSection(SolutionConfigurationPlatforms) = preSolution
		Debug|Any CPU = Debug|Any CPU
		Release|Any CPU = Release|Any CPU
	EndGlobalSection
	GlobalSection(ProjectConfigurationPlatforms) = postSolution
		{5EFA6946-B60C-4676-A106-D07E841B0880}.Debug|Any CPU.ActiveCfg = Debug|Any CPU
		{5EFA6946-B60C-4676-A106-D07E841B0880}.Debug|Any CPU.Build.0 = Debug|Any CPU
		{5EFA6946-B60C-4676-A106-D07E841B0880}.Release|Any CPU.ActiveCfg = Release|Any CPU
		{5EFA6946-B60C-4676-A106-D07E841B0880}.Release|Any CPU.Build.0 = Release|Any CPU
		{3C96F623-37E7-4922-BA2F-F7AB08B324DC}.Debug|Any CPU.ActiveCfg = Debug|Any CPU
		{3C96F623-37E7-4922-BA2F-F7AB08B324DC}.Debug|Any CPU.Build.0 = Debug|Any CPU
		{3C96F623-37E7-4922-BA2F-F7AB08B324DC}.Release|Any CPU.ActiveCfg = Release|Any CPU
		{3C96F623-37E7-4922-BA2F-F7AB08B324DC}.Release|Any CPU.Build.0 = Release|Any CPU
		{25DB90FC-361D-45F3-91C1-164D202CA2D1}.Debug|Any CPU.ActiveCfg = Debug|Any CPU
		{25DB90FC-361D-45F3-91C1-164D202CA2D1}.Debug|Any CPU.Build.0 = Debug|Any CPU
		{25DB90FC-361D-45F3-91C1-164D202CA2D1}.Release|Any CPU.ActiveCfg = Release|Any CPU
		{25DB90FC-361D-45F3-91C1-164D202CA2D1}.Release|Any CPU.Build.0 = Release|Any CPU
		{D1E701A2-ED5E-49A8-9BDA-50C158A6F390}.Debug|Any CPU.ActiveCfg = Debug|Any CPU
		{D1E701A2-ED5E-49A8-9BDA-50C158A6F390}.Debug|Any CPU.Build.0 = Debug|Any CPU
		{D1E701A2-ED5E-49A8-9BDA-50C158A6F390}.Release|Any CPU.ActiveCfg = Release|Any CPU
		{D1E701A2-ED5E-49A8-9BDA-50C158A6F390}.Release|Any CPU.Build.0 = Release|Any CPU
	EndGlobalSection
	GlobalSection(SolutionProperties) = preSolution
		HideSolutionNode = FALSE
	EndGlobalSection
	GlobalSection(ExtensibilityGlobals) = postSolution
		SolutionGuid = {C45FC5FA-066B-44C4-951C-BE8213D7E734}
	EndGlobalSection
EndGlobal
