
Microsoft Visual Studio Solution File, Format Version 12.00
# Visual Studio Version 17
VisualStudioVersion = 17.6.33723.286
MinimumVisualStudioVersion = 10.0.40219.1
Project("{9A19103F-16F7-4668-BE54-9A1E7A4F7556}") = "StockMarket.Api", "StockMarket.Api\StockMarket.Api.csproj", "{B5C85BEE-F53A-43AC-B815-17D9DB1B260F}"
EndProject
Project("{9A19103F-16F7-4668-BE54-9A1E7A4F7556}") = "StockMarket.Domain", "StockMarket.Domain\StockMarket.Domain.csproj", "{D37BAB09-1904-4DBE-83E1-E38BFCB5EBC0}"
EndProject
Project("{9A19103F-16F7-4668-BE54-9A1E7A4F7556}") = "StockMarket.Service", "StockMarket.Service\StockMarket.Service.csproj", "{DA19BC23-2984-463A-BCEA-9E7A9A5BF03F}"
EndProject
Project("{9A19103F-16F7-4668-BE54-9A1E7A4F7556}") = "StockMarket.Data", "StockMarket.Data\StockMarket.Data.csproj", "{20E9E343-609C-4079-800E-725AE67AD7A6}"
EndProject
Project("{9A19103F-16F7-4668-BE54-9A1E7A4F7556}") = "StockMarket.TestsBDD", "StockMarket.TestsBdd\StockMarket.TestsBDD.csproj", "{352F9889-DEA9-4C10-89AB-C95C860659B5}"
EndProject
Project("{9A19103F-16F7-4668-BE54-9A1E7A4F7556}") = "StockMarket.UnitTests", "StockMarket.UnitTests\StockMarket.UnitTests.csproj", "{7041D0B8-5852-40D7-8311-42C0BF08DA95}"
EndProject
Global
	GlobalSection(SolutionConfigurationPlatforms) = preSolution
		Debug|Any CPU = Debug|Any CPU
		Release|Any CPU = Release|Any CPU
	EndGlobalSection
	GlobalSection(ProjectConfigurationPlatforms) = postSolution
		{B5C85BEE-F53A-43AC-B815-17D9DB1B260F}.Debug|Any CPU.ActiveCfg = Debug|Any CPU
		{B5C85BEE-F53A-43AC-B815-17D9DB1B260F}.Debug|Any CPU.Build.0 = Debug|Any CPU
		{B5C85BEE-F53A-43AC-B815-17D9DB1B260F}.Release|Any CPU.ActiveCfg = Release|Any CPU
		{B5C85BEE-F53A-43AC-B815-17D9DB1B260F}.Release|Any CPU.Build.0 = Release|Any CPU
		{D37BAB09-1904-4DBE-83E1-E38BFCB5EBC0}.Debug|Any CPU.ActiveCfg = Debug|Any CPU
		{D37BAB09-1904-4DBE-83E1-E38BFCB5EBC0}.Debug|Any CPU.Build.0 = Debug|Any CPU
		{D37BAB09-1904-4DBE-83E1-E38BFCB5EBC0}.Release|Any CPU.ActiveCfg = Release|Any CPU
		{D37BAB09-1904-4DBE-83E1-E38BFCB5EBC0}.Release|Any CPU.Build.0 = Release|Any CPU
		{DA19BC23-2984-463A-BCEA-9E7A9A5BF03F}.Debug|Any CPU.ActiveCfg = Debug|Any CPU
		{DA19BC23-2984-463A-BCEA-9E7A9A5BF03F}.Debug|Any CPU.Build.0 = Debug|Any CPU
		{DA19BC23-2984-463A-BCEA-9E7A9A5BF03F}.Release|Any CPU.ActiveCfg = Release|Any CPU
		{DA19BC23-2984-463A-BCEA-9E7A9A5BF03F}.Release|Any CPU.Build.0 = Release|Any CPU
		{20E9E343-609C-4079-800E-725AE67AD7A6}.Debug|Any CPU.ActiveCfg = Debug|Any CPU
		{20E9E343-609C-4079-800E-725AE67AD7A6}.Debug|Any CPU.Build.0 = Debug|Any CPU
		{20E9E343-609C-4079-800E-725AE67AD7A6}.Release|Any CPU.ActiveCfg = Release|Any CPU
		{20E9E343-609C-4079-800E-725AE67AD7A6}.Release|Any CPU.Build.0 = Release|Any CPU
		{352F9889-DEA9-4C10-89AB-C95C860659B5}.Debug|Any CPU.ActiveCfg = Debug|Any CPU
		{352F9889-DEA9-4C10-89AB-C95C860659B5}.Debug|Any CPU.Build.0 = Debug|Any CPU
		{352F9889-DEA9-4C10-89AB-C95C860659B5}.Release|Any CPU.ActiveCfg = Release|Any CPU
		{352F9889-DEA9-4C10-89AB-C95C860659B5}.Release|Any CPU.Build.0 = Release|Any CPU
		{7041D0B8-5852-40D7-8311-42C0BF08DA95}.Debug|Any CPU.ActiveCfg = Debug|Any CPU
		{7041D0B8-5852-40D7-8311-42C0BF08DA95}.Debug|Any CPU.Build.0 = Debug|Any CPU
		{7041D0B8-5852-40D7-8311-42C0BF08DA95}.Release|Any CPU.ActiveCfg = Release|Any CPU
		{7041D0B8-5852-40D7-8311-42C0BF08DA95}.Release|Any CPU.Build.0 = Release|Any CPU
	EndGlobalSection
	GlobalSection(SolutionProperties) = preSolution
		HideSolutionNode = FALSE
	EndGlobalSection
	GlobalSection(ExtensibilityGlobals) = postSolution
		SolutionGuid = {4450A11F-7BCC-48E3-AADB-9104CED91E97}
	EndGlobalSection
EndGlobal
